<Solution>
  <Project Path="src\Spinneret.Functional\Spinneret.Functional.csproj" Type="Classic C#" />
  <Project Path="src\Spinneret.Mediator\Spinneret.Mediator.csproj" Type="Classic C#" />
  <Project Path="src\Spinneret.Parsing\Spinneret.Parsing.csproj" Type="Classic C#" />
  <Project Path="src\Spinneret.Queue.Gcp\Spinneret.Queue.Gcp.csproj" Type="Classic C#" />
  <Project Path="src\Spinneret.Queue\Spinneret.Queue.csproj" Type="Classic C#" />
  <Project Path="src\Spinneret.Scheduler.Gcp\Spinneret.Scheduler.Gcp.csproj" Type="Classic C#" />
  <Project Path="src\Spinneret.Scheduler\Spinneret.Scheduler.csproj" Type="Classic C#" />
  <Project Path="src\Spinneret.ViewModel\Spinneret.ViewModel.csproj" Type="Classic C#" />
  <Project Path="src\Spinneret.View\Spinneret.View.csproj" Type="Classic C#" />
</Solution>